
Microsoft Visual Studio Solution File, Format Version 12.00
# Visual Studio Version 16
VisualStudioVersion = 16.0.30503.244
MinimumVisualStudioVersion = 10.0.40219.1
Project("{FAE04EC0-301F-11D3-BF4B-00C04F79EFBC}") = "Aula09_CaculadoraOO", "Aula09_CaculadoraOO\Aula09_CaculadoraOO.csproj", "{9796FFE1-5BDD-4D18-9537-DD4CC8DECC2C}"
EndProject
Global
	GlobalSection(SolutionConfigurationPlatforms) = preSolution
		Debug|Any CPU = Debug|Any CPU
		Release|Any CPU = Release|Any CPU
	EndGlobalSection
	GlobalSection(ProjectConfigurationPlatforms) = postSolution
		{9796FFE1-5BDD-4D18-9537-DD4CC8DECC2C}.Debug|Any CPU.ActiveCfg = Debug|Any CPU
		{9796FFE1-5BDD-4D18-9537-DD4CC8DECC2C}.Debug|Any CPU.Build.0 = Debug|Any CPU
		{9796FFE1-5BDD-4D18-9537-DD4CC8DECC2C}.Release|Any CPU.ActiveCfg = Release|Any CPU
		{9796FFE1-5BDD-4D18-9537-DD4CC8DECC2C}.Release|Any CPU.Build.0 = Release|Any CPU
	EndGlobalSection
	GlobalSection(SolutionProperties) = preSolution
		HideSolutionNode = FALSE
	EndGlobalSection
	GlobalSection(ExtensibilityGlobals) = postSolution
		SolutionGuid = {8BAF2218-3E40-450C-BA5E-F3D3D8AA1621}
	EndGlobalSection
EndGlobal
